
Microsoft Visual Studio Solution File, Format Version 12.00
# Visual Studio Version 16
VisualStudioVersion = 16.0.29613.14
MinimumVisualStudioVersion = 10.0.40219.1
Project("{8BC9CEB8-8B4A-11D0-8D11-00A0C91BC942}") = "DIRECTX2D11", "DirectX2D11\DirectX2D11.vcxproj", "{CA175167-C986-4DB6-AFBB-7CB2B433E4F9}"
EndProject
Global
	GlobalSection(SolutionConfigurationPlatforms) = preSolution
		Debug|ARM64 = Debug|ARM64
		Debug|x64 = Debug|x64
		Debug|x86 = Debug|x86
		Profile|ARM64 = Profile|ARM64
		Profile|x64 = Profile|x64
		Profile|x86 = Profile|x86
		Release|ARM64 = Release|ARM64
		Release|x64 = Release|x64
		Release|x86 = Release|x86
	EndGlobalSection
	GlobalSection(ProjectConfigurationPlatforms) = postSolution
		{CA175167-C986-4DB6-AFBB-7CB2B433E4F9}.Debug|ARM64.ActiveCfg = Debug|Win32
		{CA175167-C986-4DB6-AFBB-7CB2B433E4F9}.Debug|x64.ActiveCfg = Debug|x64
		{CA175167-C986-4DB6-AFBB-7CB2B433E4F9}.Debug|x64.Build.0 = Debug|x64
		{CA175167-C986-4DB6-AFBB-7CB2B433E4F9}.Debug|x86.ActiveCfg = Debug|Win32
		{CA175167-C986-4DB6-AFBB-7CB2B433E4F9}.Debug|x86.Build.0 = Debug|Win32
		{CA175167-C986-4DB6-AFBB-7CB2B433E4F9}.Profile|ARM64.ActiveCfg = Release|Win32
		{CA175167-C986-4DB6-AFBB-7CB2B433E4F9}.Profile|ARM64.Build.0 = Release|Win32
		{CA175167-C986-4DB6-AFBB-7CB2B433E4F9}.Profile|x64.ActiveCfg = Release|x64
		{CA175167-C986-4DB6-AFBB-7CB2B433E4F9}.Profile|x64.Build.0 = Release|x64
		{CA175167-C986-4DB6-AFBB-7CB2B433E4F9}.Profile|x86.ActiveCfg = Release|Win32
		{CA175167-C986-4DB6-AFBB-7CB2B433E4F9}.Profile|x86.Build.0 = Release|Win32
		{CA175167-C986-4DB6-AFBB-7CB2B433E4F9}.Release|ARM64.ActiveCfg = Release|Win32
		{CA175167-C986-4DB6-AFBB-7CB2B433E4F9}.Release|x64.ActiveCfg = Release|x64
		{CA175167-C986-4DB6-AFBB-7CB2B433E4F9}.Release|x64.Build.0 = Release|x64
		{CA175167-C986-4DB6-AFBB-7CB2B433E4F9}.Release|x86.ActiveCfg = Release|Win32
		{CA175167-C986-4DB6-AFBB-7CB2B433E4F9}.Release|x86.Build.0 = Release|Win32
	EndGlobalSection
	GlobalSection(SolutionProperties) = preSolution
		HideSolutionNode = FALSE
	EndGlobalSection
	GlobalSection(ExtensibilityGlobals) = postSolution
		SolutionGuid = {AC72DF7E-D2C7-427A-B00E-4976122194B2}
	EndGlobalSection
EndGlobal
